
Microsoft Visual Studio Solution File, Format Version 12.00
# Visual Studio 15
VisualStudioVersion = 15.0.28307.1082
MinimumVisualStudioVersion = 10.0.40219.1
Project("{FAE04EC0-301F-11D3-BF4B-00C04F79EFBC}") = "委托", "委托\委托.csproj", "{BA04CA52-DC7F-4021-81A9-8B9F73BD42E1}"
EndProject
Global
	GlobalSection(SolutionConfigurationPlatforms) = preSolution
		Debug|Any CPU = Debug|Any CPU
		Release|Any CPU = Release|Any CPU
	EndGlobalSection
	GlobalSection(ProjectConfigurationPlatforms) = postSolution
		{BA04CA52-DC7F-4021-81A9-8B9F73BD42E1}.Debug|Any CPU.ActiveCfg = Debug|Any CPU
		{BA04CA52-DC7F-4021-81A9-8B9F73BD42E1}.Debug|Any CPU.Build.0 = Debug|Any CPU
		{BA04CA52-DC7F-4021-81A9-8B9F73BD42E1}.Release|Any CPU.ActiveCfg = Release|Any CPU
		{BA04CA52-DC7F-4021-81A9-8B9F73BD42E1}.Release|Any CPU.Build.0 = Release|Any CPU
	EndGlobalSection
	GlobalSection(SolutionProperties) = preSolution
		HideSolutionNode = FALSE
	EndGlobalSection
	GlobalSection(ExtensibilityGlobals) = postSolution
		SolutionGuid = {0330D7A2-F695-492E-BB06-92833E48A3C0}
	EndGlobalSection
EndGlobal
